
Microsoft Visual Studio Solution File, Format Version 12.00
# Visual Studio Version 16
VisualStudioVersion = 25.0.1700.6
MinimumVisualStudioVersion = 10.0.40219.1
Project("{FAE04EC0-301F-11D3-BF4B-00C04F79EFBC}") = "AdventOfCode", "AdventOfCode.csproj", "{C07DBFB9-B5F5-40D1-9336-3BAD85635DCF}"
EndProject
Global
	GlobalSection(SolutionConfigurationPlatforms) = preSolution
		Debug|Any CPU = Debug|Any CPU
		Release|Any CPU = Release|Any CPU
	EndGlobalSection
	GlobalSection(ProjectConfigurationPlatforms) = postSolution
		{C07DBFB9-B5F5-40D1-9336-3BAD85635DCF}.Debug|Any CPU.ActiveCfg = Debug|Any CPU
		{C07DBFB9-B5F5-40D1-9336-3BAD85635DCF}.Debug|Any CPU.Build.0 = Debug|Any CPU
		{C07DBFB9-B5F5-40D1-9336-3BAD85635DCF}.Release|Any CPU.ActiveCfg = Release|Any CPU
		{C07DBFB9-B5F5-40D1-9336-3BAD85635DCF}.Release|Any CPU.Build.0 = Release|Any CPU
	EndGlobalSection
	GlobalSection(SolutionProperties) = preSolution
		HideSolutionNode = FALSE
	EndGlobalSection
	GlobalSection(ExtensibilityGlobals) = postSolution
		SolutionGuid = {ED70503A-EE66-42D3-A4D7-C7C8FB5E4110}
	EndGlobalSection
EndGlobal
